
Microsoft Visual Studio Solution File, Format Version 12.00
# Visual Studio 2013
VisualStudioVersion = 12.0.40629.0
MinimumVisualStudioVersion = 10.0.40219.1
Project("{FAE04EC0-301F-11D3-BF4B-00C04F79EFBC}") = "AppShell", "src\AppShell\AppShell.csproj", "{DE3520C9-7226-4FFE-88F1-A72FFE6A88D3}"
EndProject
Project("{FAE04EC0-301F-11D3-BF4B-00C04F79EFBC}") = "AppShell.Mobile", "src\AppShell.Mobile\AppShell.Mobile.csproj", "{67F9D3A8-F71E-4428-913F-C37AE82CDB24}"
EndProject
Project("{FAE04EC0-301F-11D3-BF4B-00C04F79EFBC}") = "AppShell.Desktop", "src\AppShell.Desktop\AppShell.Desktop.csproj", "{60CB4BCF-FE17-4C7C-BCFE-996C3EAC1896}"
EndProject
Project("{FAE04EC0-301F-11D3-BF4B-00C04F79EFBC}") = "AppShell.Mobile.Android", "src\AppShell.Mobile.Android\AppShell.Mobile.Android.csproj", "{44E821C5-E63F-419D-8D22-C57214BEDEE7}"
EndProject
Project("{2150E333-8FDC-42A3-9474-1A3956D46DE8}") = ".nuget", ".nuget", "{8191DD5A-EE1A-4489-A5BE-42486D01DFDC}"
	ProjectSection(SolutionItems) = preProject
		.nuget\NuGet.Config = .nuget\NuGet.Config
		.nuget\NuGet.exe = .nuget\NuGet.exe
		.nuget\NuGet.targets = .nuget\NuGet.targets
	EndProjectSection
EndProject
Project("{2150E333-8FDC-42A3-9474-1A3956D46DE8}") = "src", "src", "{DA3B3A42-8F3D-4AC8-B709-FA165215B746}"
EndProject
Project("{2150E333-8FDC-42A3-9474-1A3956D46DE8}") = "samples", "samples", "{433399A5-1379-4CC4-9D5F-1B712901E133}"
EndProject
Project("{2150E333-8FDC-42A3-9474-1A3956D46DE8}") = "test", "test", "{76F25CFF-8D34-4EB8-932D-72304F4DEDB4}"
EndProject
Project("{FAE04EC0-301F-11D3-BF4B-00C04F79EFBC}") = "AppShell.Tests", "test\AppShell.Tests\AppShell.Tests.csproj", "{F03ADD53-6156-40FC-B7BA-EAD9EE834085}"
EndProject
Project("{2150E333-8FDC-42A3-9474-1A3956D46DE8}") = "Todo", "Todo", "{F2C466DF-6E78-412A-B7E5-EF4DCB46C683}"
EndProject
Project("{FAE04EC0-301F-11D3-BF4B-00C04F79EFBC}") = "AppShell.Samples.Todo", "samples\Todo\AppShell.Samples.Todo\AppShell.Samples.Todo.csproj", "{D6A773F0-39BA-4CAA-BE44-ABBECA8A4BA4}"
EndProject
Project("{FAE04EC0-301F-11D3-BF4B-00C04F79EFBC}") = "AppShell.Samples.Todo.Desktop", "samples\Todo\AppShell.Samples.Todo.Desktop\AppShell.Samples.Todo.Desktop.csproj", "{C7A7122B-FE55-49D8-8F79-78518B02FF8F}"
EndProject
Project("{FAE04EC0-301F-11D3-BF4B-00C04F79EFBC}") = "AppShell.Samples.Todo.Mobile", "samples\Todo\AppShell.Samples.Todo.Mobile\AppShell.Samples.Todo.Mobile.csproj", "{F25680D1-22A3-4463-947E-E4D0B10BDF20}"
EndProject
Project("{FAE04EC0-301F-11D3-BF4B-00C04F79EFBC}") = "AppShell.Samples.Todo.Android", "samples\Todo\AppShell.Samples.Todo.Android\AppShell.Samples.Todo.Android.csproj", "{7073F0C8-0A73-4BC6-B04D-049114B8EEFF}"
EndProject
Project("{2150E333-8FDC-42A3-9474-1A3956D46DE8}") = "ServiceDispatcher", "ServiceDispatcher", "{98CBCB65-D1CB-420C-A660-78FED7ECAC30}"
EndProject
Project("{FAE04EC0-301F-11D3-BF4B-00C04F79EFBC}") = "AppShell.Samples.ServiceDispatcher.Desktop", "samples\ServiceDispatcher\AppShell.Samples.ServiceDispatcher.Desktop\AppShell.Samples.ServiceDispatcher.Desktop.csproj", "{EC8E1A50-FD04-481F-A646-AA605301F756}"
EndProject
Project("{FAE04EC0-301F-11D3-BF4B-00C04F79EFBC}") = "AppShell.Samples.ServiceDispatcher", "samples\ServiceDispatcher\AppShell.Samples.ServiceDispatcher\AppShell.Samples.ServiceDispatcher.csproj", "{60BE5709-2354-47F5-9430-8C0A444F8B5A}"
EndProject
Project("{FAE04EC0-301F-11D3-BF4B-00C04F79EFBC}") = "AppShell.Samples.ServiceDispatcher.Android", "samples\ServiceDispatcher\AppShell.Samples.ServiceDispatcher.Android\AppShell.Samples.ServiceDispatcher.Android.csproj", "{862D0445-6858-4197-8709-EFD5956DA29E}"
EndProject
Project("{FAE04EC0-301F-11D3-BF4B-00C04F79EFBC}") = "AppShell.Samples.ServiceDispatcher.Mobile", "samples\ServiceDispatcher\AppShell.Samples.ServiceDispatcher.Mobile\AppShell.Samples.ServiceDispatcher.Mobile.csproj", "{19E2050D-E12C-4C21-A20A-F4B7B04451DF}"
EndProject
Project("{2150E333-8FDC-42A3-9474-1A3956D46DE8}") = "templates", "templates", "{7DEF9E32-4EB8-4C1C-A390-2E82260CB92C}"
EndProject
Project("{FAE04EC0-301F-11D3-BF4B-00C04F79EFBC}") = "AppShell.Templates", "templates\AppShell.Templates\AppShell.Templates.csproj", "{0A94D1F8-F06F-48EF-B425-5B74758FBABA}"
EndProject
Project("{FAE04EC0-301F-11D3-BF4B-00C04F79EFBC}") = "AppShell.Templates.Vsix", "templates\AppShell.Templates.Vsix\AppShell.Templates.Vsix.csproj", "{62E281FD-6608-4122-B98C-2682E6F7A0DC}"
EndProject
Project("{FAE04EC0-301F-11D3-BF4B-00C04F79EFBC}") = "AppShell.Templates.Desktop", "templates\AppShell.Templates.Desktop\AppShell.Templates.Desktop.csproj", "{95CEF015-97F5-4773-8876-3D35F87DD588}"
EndProject
Project("{2150E333-8FDC-42A3-9474-1A3956D46DE8}") = ".build", ".build", "{361BC05B-49AB-401B-A649-98DE592020CD}"
	ProjectSection(SolutionItems) = preProject
		Build.proj = Build.proj
		.build\MSBuild.Community.Tasks.dll = .build\MSBuild.Community.Tasks.dll
		.build\MSBuild.Community.Tasks.targets = .build\MSBuild.Community.Tasks.targets
	EndProjectSection
EndProject
Project("{FAE04EC0-301F-11D3-BF4B-00C04F79EFBC}") = "AppShell.Templates.Wizard", "templates\AppShell.Templates.Wizard\AppShell.Templates.Wizard.csproj", "{ADF93EF7-B56B-4793-9885-8499D2D3CF7A}"
EndProject
Project("{2150E333-8FDC-42A3-9474-1A3956D46DE8}") = "Solution Items", "Solution Items", "{977D80E1-BC17-4757-B943-95603CA86FE1}"
	ProjectSection(SolutionItems) = preProject
		.gitignore = .gitignore
	EndProjectSection
EndProject
Project("{FAE04EC0-301F-11D3-BF4B-00C04F79EFBC}") = "AppShell.Templates.Mobile", "templates\AppShell.Templates.Mobile\AppShell.Templates.Mobile.csproj", "{1A464DAA-3768-4FD1-B168-B1B96EFD7EFD}"
EndProject
Project("{FAE04EC0-301F-11D3-BF4B-00C04F79EFBC}") = "AppShell.Templates.Mobile.Android", "templates\AppShell.Templates.Android\AppShell.Templates.Mobile.Android.csproj", "{89073F44-08CA-41C4-8B85-779E3434820D}"
EndProject
Global
	GlobalSection(SolutionConfigurationPlatforms) = preSolution
		Ad-Hoc|Any CPU = Ad-Hoc|Any CPU
		Ad-Hoc|iPhone = Ad-Hoc|iPhone
		Ad-Hoc|iPhoneSimulator = Ad-Hoc|iPhoneSimulator
		Ad-Hoc|Mixed Platforms = Ad-Hoc|Mixed Platforms
		AppStore|Any CPU = AppStore|Any CPU
		AppStore|iPhone = AppStore|iPhone
		AppStore|iPhoneSimulator = AppStore|iPhoneSimulator
		AppStore|Mixed Platforms = AppStore|Mixed Platforms
		Debug|Any CPU = Debug|Any CPU
		Debug|iPhone = Debug|iPhone
		Debug|iPhoneSimulator = Debug|iPhoneSimulator
		Debug|Mixed Platforms = Debug|Mixed Platforms
		Release|Any CPU = Release|Any CPU
		Release|iPhone = Release|iPhone
		Release|iPhoneSimulator = Release|iPhoneSimulator
		Release|Mixed Platforms = Release|Mixed Platforms
	EndGlobalSection
	GlobalSection(ProjectConfigurationPlatforms) = postSolution
		{DE3520C9-7226-4FFE-88F1-A72FFE6A88D3}.Ad-Hoc|Any CPU.ActiveCfg = Release|Any CPU
		{DE3520C9-7226-4FFE-88F1-A72FFE6A88D3}.Ad-Hoc|Any CPU.Build.0 = Release|Any CPU
		{DE3520C9-7226-4FFE-88F1-A72FFE6A88D3}.Ad-Hoc|iPhone.ActiveCfg = Release|Any CPU
		{DE3520C9-7226-4FFE-88F1-A72FFE6A88D3}.Ad-Hoc|iPhoneSimulator.ActiveCfg = Release|Any CPU
		{DE3520C9-7226-4FFE-88F1-A72FFE6A88D3}.Ad-Hoc|Mixed Platforms.ActiveCfg = Release|Any CPU
		{DE3520C9-7226-4FFE-88F1-A72FFE6A88D3}.Ad-Hoc|Mixed Platforms.Build.0 = Release|Any CPU
		{DE3520C9-7226-4FFE-88F1-A72FFE6A88D3}.AppStore|Any CPU.ActiveCfg = Release|Any CPU
		{DE3520C9-7226-4FFE-88F1-A72FFE6A88D3}.AppStore|Any CPU.Build.0 = Release|Any CPU
		{DE3520C9-7226-4FFE-88F1-A72FFE6A88D3}.AppStore|iPhone.ActiveCfg = Release|Any CPU
		{DE3520C9-7226-4FFE-88F1-A72FFE6A88D3}.AppStore|iPhoneSimulator.ActiveCfg = Release|Any CPU
		{DE3520C9-7226-4FFE-88F1-A72FFE6A88D3}.AppStore|Mixed Platforms.ActiveCfg = Release|Any CPU
		{DE3520C9-7226-4FFE-88F1-A72FFE6A88D3}.AppStore|Mixed Platforms.Build.0 = Release|Any CPU
		{DE3520C9-7226-4FFE-88F1-A72FFE6A88D3}.Debug|Any CPU.ActiveCfg = Debug|Any CPU
		{DE3520C9-7226-4FFE-88F1-A72FFE6A88D3}.Debug|Any CPU.Build.0 = Debug|Any CPU
		{DE3520C9-7226-4FFE-88F1-A72FFE6A88D3}.Debug|iPhone.ActiveCfg = Debug|Any CPU
		{DE3520C9-7226-4FFE-88F1-A72FFE6A88D3}.Debug|iPhoneSimulator.ActiveCfg = Debug|Any CPU
		{DE3520C9-7226-4FFE-88F1-A72FFE6A88D3}.Debug|Mixed Platforms.ActiveCfg = Debug|Any CPU
		{DE3520C9-7226-4FFE-88F1-A72FFE6A88D3}.Debug|Mixed Platforms.Build.0 = Debug|Any CPU
		{DE3520C9-7226-4FFE-88F1-A72FFE6A88D3}.Release|Any CPU.ActiveCfg = Release|Any CPU
		{DE3520C9-7226-4FFE-88F1-A72FFE6A88D3}.Release|Any CPU.Build.0 = Release|Any CPU
		{DE3520C9-7226-4FFE-88F1-A72FFE6A88D3}.Release|iPhone.ActiveCfg = Release|Any CPU
		{DE3520C9-7226-4FFE-88F1-A72FFE6A88D3}.Release|iPhoneSimulator.ActiveCfg = Release|Any CPU
		{DE3520C9-7226-4FFE-88F1-A72FFE6A88D3}.Release|Mixed Platforms.ActiveCfg = Release|Any CPU
		{DE3520C9-7226-4FFE-88F1-A72FFE6A88D3}.Release|Mixed Platforms.Build.0 = Release|Any CPU
		{67F9D3A8-F71E-4428-913F-C37AE82CDB24}.Ad-Hoc|Any CPU.ActiveCfg = Release|Any CPU
		{67F9D3A8-F71E-4428-913F-C37AE82CDB24}.Ad-Hoc|Any CPU.Build.0 = Release|Any CPU
		{67F9D3A8-F71E-4428-913F-C37AE82CDB24}.Ad-Hoc|iPhone.ActiveCfg = Release|Any CPU
		{67F9D3A8-F71E-4428-913F-C37AE82CDB24}.Ad-Hoc|iPhoneSimulator.ActiveCfg = Release|Any CPU
		{67F9D3A8-F71E-4428-913F-C37AE82CDB24}.Ad-Hoc|Mixed Platforms.ActiveCfg = Release|Any CPU
		{67F9D3A8-F71E-4428-913F-C37AE82CDB24}.Ad-Hoc|Mixed Platforms.Build.0 = Release|Any CPU
		{67F9D3A8-F71E-4428-913F-C37AE82CDB24}.AppStore|Any CPU.ActiveCfg = Release|Any CPU
		{67F9D3A8-F71E-4428-913F-C37AE82CDB24}.AppStore|Any CPU.Build.0 = Release|Any CPU
		{67F9D3A8-F71E-4428-913F-C37AE82CDB24}.AppStore|iPhone.ActiveCfg = Release|Any CPU
		{67F9D3A8-F71E-4428-913F-C37AE82CDB24}.AppStore|iPhoneSimulator.ActiveCfg = Release|Any CPU
		{67F9D3A8-F71E-4428-913F-C37AE82CDB24}.AppStore|Mixed Platforms.ActiveCfg = Release|Any CPU
		{67F9D3A8-F71E-4428-913F-C37AE82CDB24}.AppStore|Mixed Platforms.Build.0 = Release|Any CPU
		{67F9D3A8-F71E-4428-913F-C37AE82CDB24}.Debug|Any CPU.ActiveCfg = Debug|Any CPU
		{67F9D3A8-F71E-4428-913F-C37AE82CDB24}.Debug|Any CPU.Build.0 = Debug|Any CPU
		{67F9D3A8-F71E-4428-913F-C37AE82CDB24}.Debug|iPhone.ActiveCfg = Debug|Any CPU
		{67F9D3A8-F71E-4428-913F-C37AE82CDB24}.Debug|iPhoneSimulator.ActiveCfg = Debug|Any CPU
		{67F9D3A8-F71E-4428-913F-C37AE82CDB24}.Debug|Mixed Platforms.ActiveCfg = Debug|Any CPU
		{67F9D3A8-F71E-4428-913F-C37AE82CDB24}.Debug|Mixed Platforms.Build.0 = Debug|Any CPU
		{67F9D3A8-F71E-4428-913F-C37AE82CDB24}.Release|Any CPU.ActiveCfg = Release|Any CPU
		{67F9D3A8-F71E-4428-913F-C37AE82CDB24}.Release|Any CPU.Build.0 = Release|Any CPU
		{67F9D3A8-F71E-4428-913F-C37AE82CDB24}.Release|iPhone.ActiveCfg = Release|Any CPU
		{67F9D3A8-F71E-4428-913F-C37AE82CDB24}.Release|iPhoneSimulator.ActiveCfg = Release|Any CPU
		{67F9D3A8-F71E-4428-913F-C37AE82CDB24}.Release|Mixed Platforms.ActiveCfg = Release|Any CPU
		{67F9D3A8-F71E-4428-913F-C37AE82CDB24}.Release|Mixed Platforms.Build.0 = Release|Any CPU
		{60CB4BCF-FE17-4C7C-BCFE-996C3EAC1896}.Ad-Hoc|Any CPU.ActiveCfg = Release|Any CPU
		{60CB4BCF-FE17-4C7C-BCFE-996C3EAC1896}.Ad-Hoc|Any CPU.Build.0 = Release|Any CPU
		{60CB4BCF-FE17-4C7C-BCFE-996C3EAC1896}.Ad-Hoc|iPhone.ActiveCfg = Release|Any CPU
		{60CB4BCF-FE17-4C7C-BCFE-996C3EAC1896}.Ad-Hoc|iPhoneSimulator.ActiveCfg = Release|Any CPU
		{60CB4BCF-FE17-4C7C-BCFE-996C3EAC1896}.Ad-Hoc|Mixed Platforms.ActiveCfg = Release|Any CPU
		{60CB4BCF-FE17-4C7C-BCFE-996C3EAC1896}.Ad-Hoc|Mixed Platforms.Build.0 = Release|Any CPU
		{60CB4BCF-FE17-4C7C-BCFE-996C3EAC1896}.AppStore|Any CPU.ActiveCfg = Release|Any CPU
		{60CB4BCF-FE17-4C7C-BCFE-996C3EAC1896}.AppStore|Any CPU.Build.0 = Release|Any CPU
		{60CB4BCF-FE17-4C7C-BCFE-996C3EAC1896}.AppStore|iPhone.ActiveCfg = Release|Any CPU
		{60CB4BCF-FE17-4C7C-BCFE-996C3EAC1896}.AppStore|iPhoneSimulator.ActiveCfg = Release|Any CPU
		{60CB4BCF-FE17-4C7C-BCFE-996C3EAC1896}.AppStore|Mixed Platforms.ActiveCfg = Release|Any CPU
		{60CB4BCF-FE17-4C7C-BCFE-996C3EAC1896}.AppStore|Mixed Platforms.Build.0 = Release|Any CPU
		{60CB4BCF-FE17-4C7C-BCFE-996C3EAC1896}.Debug|Any CPU.ActiveCfg = Debug|Any CPU
		{60CB4BCF-FE17-4C7C-BCFE-996C3EAC1896}.Debug|Any CPU.Build.0 = Debug|Any CPU
		{60CB4BCF-FE17-4C7C-BCFE-996C3EAC1896}.Debug|iPhone.ActiveCfg = Debug|Any CPU
		{60CB4BCF-FE17-4C7C-BCFE-996C3EAC1896}.Debug|iPhoneSimulator.ActiveCfg = Debug|Any CPU
		{60CB4BCF-FE17-4C7C-BCFE-996C3EAC1896}.Debug|Mixed Platforms.ActiveCfg = Debug|Any CPU
		{60CB4BCF-FE17-4C7C-BCFE-996C3EAC1896}.Debug|Mixed Platforms.Build.0 = Debug|Any CPU
		{60CB4BCF-FE17-4C7C-BCFE-996C3EAC1896}.Release|Any CPU.ActiveCfg = Release|Any CPU
		{60CB4BCF-FE17-4C7C-BCFE-996C3EAC1896}.Release|Any CPU.Build.0 = Release|Any CPU
		{60CB4BCF-FE17-4C7C-BCFE-996C3EAC1896}.Release|iPhone.ActiveCfg = Release|Any CPU
		{60CB4BCF-FE17-4C7C-BCFE-996C3EAC1896}.Release|iPhoneSimulator.ActiveCfg = Release|Any CPU
		{60CB4BCF-FE17-4C7C-BCFE-996C3EAC1896}.Release|Mixed Platforms.ActiveCfg = Release|Any CPU
		{60CB4BCF-FE17-4C7C-BCFE-996C3EAC1896}.Release|Mixed Platforms.Build.0 = Release|Any CPU
		{44E821C5-E63F-419D-8D22-C57214BEDEE7}.Ad-Hoc|Any CPU.ActiveCfg = Release|Any CPU
		{44E821C5-E63F-419D-8D22-C57214BEDEE7}.Ad-Hoc|Any CPU.Build.0 = Release|Any CPU
		{44E821C5-E63F-419D-8D22-C57214BEDEE7}.Ad-Hoc|iPhone.ActiveCfg = Release|Any CPU
		{44E821C5-E63F-419D-8D22-C57214BEDEE7}.Ad-Hoc|iPhoneSimulator.ActiveCfg = Release|Any CPU
		{44E821C5-E63F-419D-8D22-C57214BEDEE7}.Ad-Hoc|Mixed Platforms.ActiveCfg = Release|Any CPU
		{44E821C5-E63F-419D-8D22-C57214BEDEE7}.Ad-Hoc|Mixed Platforms.Build.0 = Release|Any CPU
		{44E821C5-E63F-419D-8D22-C57214BEDEE7}.AppStore|Any CPU.ActiveCfg = Release|Any CPU
		{44E821C5-E63F-419D-8D22-C57214BEDEE7}.AppStore|Any CPU.Build.0 = Release|Any CPU
		{44E821C5-E63F-419D-8D22-C57214BEDEE7}.AppStore|iPhone.ActiveCfg = Release|Any CPU
		{44E821C5-E63F-419D-8D22-C57214BEDEE7}.AppStore|iPhoneSimulator.ActiveCfg = Release|Any CPU
		{44E821C5-E63F-419D-8D22-C57214BEDEE7}.AppStore|Mixed Platforms.ActiveCfg = Release|Any CPU
		{44E821C5-E63F-419D-8D22-C57214BEDEE7}.AppStore|Mixed Platforms.Build.0 = Release|Any CPU
		{44E821C5-E63F-419D-8D22-C57214BEDEE7}.Debug|Any CPU.ActiveCfg = Debug|Any CPU
		{44E821C5-E63F-419D-8D22-C57214BEDEE7}.Debug|Any CPU.Build.0 = Debug|Any CPU
		{44E821C5-E63F-419D-8D22-C57214BEDEE7}.Debug|iPhone.ActiveCfg = Debug|Any CPU
		{44E821C5-E63F-419D-8D22-C57214BEDEE7}.Debug|iPhoneSimulator.ActiveCfg = Debug|Any CPU
		{44E821C5-E63F-419D-8D22-C57214BEDEE7}.Debug|Mixed Platforms.ActiveCfg = Debug|Any CPU
		{44E821C5-E63F-419D-8D22-C57214BEDEE7}.Debug|Mixed Platforms.Build.0 = Debug|Any CPU
		{44E821C5-E63F-419D-8D22-C57214BEDEE7}.Release|Any CPU.ActiveCfg = Release|Any CPU
		{44E821C5-E63F-419D-8D22-C57214BEDEE7}.Release|Any CPU.Build.0 = Release|Any CPU
		{44E821C5-E63F-419D-8D22-C57214BEDEE7}.Release|iPhone.ActiveCfg = Release|Any CPU
		{44E821C5-E63F-419D-8D22-C57214BEDEE7}.Release|iPhoneSimulator.ActiveCfg = Release|Any CPU
		{44E821C5-E63F-419D-8D22-C57214BEDEE7}.Release|Mixed Platforms.ActiveCfg = Release|Any CPU
		{44E821C5-E63F-419D-8D22-C57214BEDEE7}.Release|Mixed Platforms.Build.0 = Release|Any CPU
		{F03ADD53-6156-40FC-B7BA-EAD9EE834085}.Ad-Hoc|Any CPU.ActiveCfg = Release|Any CPU
		{F03ADD53-6156-40FC-B7BA-EAD9EE834085}.Ad-Hoc|Any CPU.Build.0 = Release|Any CPU
		{F03ADD53-6156-40FC-B7BA-EAD9EE834085}.Ad-Hoc|iPhone.ActiveCfg = Release|Any CPU
		{F03ADD53-6156-40FC-B7BA-EAD9EE834085}.Ad-Hoc|iPhoneSimulator.ActiveCfg = Release|Any CPU
		{F03ADD53-6156-40FC-B7BA-EAD9EE834085}.Ad-Hoc|Mixed Platforms.ActiveCfg = Release|Any CPU
		{F03ADD53-6156-40FC-B7BA-EAD9EE834085}.Ad-Hoc|Mixed Platforms.Build.0 = Release|Any CPU
		{F03ADD53-6156-40FC-B7BA-EAD9EE834085}.AppStore|Any CPU.ActiveCfg = Release|Any CPU
		{F03ADD53-6156-40FC-B7BA-EAD9EE834085}.AppStore|Any CPU.Build.0 = Release|Any CPU
		{F03ADD53-6156-40FC-B7BA-EAD9EE834085}.AppStore|iPhone.ActiveCfg = Release|Any CPU
		{F03ADD53-6156-40FC-B7BA-EAD9EE834085}.AppStore|iPhoneSimulator.ActiveCfg = Release|Any CPU
		{F03ADD53-6156-40FC-B7BA-EAD9EE834085}.AppStore|Mixed Platforms.ActiveCfg = Release|Any CPU
		{F03ADD53-6156-40FC-B7BA-EAD9EE834085}.AppStore|Mixed Platforms.Build.0 = Release|Any CPU
		{F03ADD53-6156-40FC-B7BA-EAD9EE834085}.Debug|Any CPU.ActiveCfg = Debug|Any CPU
		{F03ADD53-6156-40FC-B7BA-EAD9EE834085}.Debug|Any CPU.Build.0 = Debug|Any CPU
		{F03ADD53-6156-40FC-B7BA-EAD9EE834085}.Debug|iPhone.ActiveCfg = Debug|Any CPU
		{F03ADD53-6156-40FC-B7BA-EAD9EE834085}.Debug|iPhoneSimulator.ActiveCfg = Debug|Any CPU
		{F03ADD53-6156-40FC-B7BA-EAD9EE834085}.Debug|Mixed Platforms.ActiveCfg = Debug|Any CPU
		{F03ADD53-6156-40FC-B7BA-EAD9EE834085}.Debug|Mixed Platforms.Build.0 = Debug|Any CPU
		{F03ADD53-6156-40FC-B7BA-EAD9EE834085}.Release|Any CPU.ActiveCfg = Release|Any CPU
		{F03ADD53-6156-40FC-B7BA-EAD9EE834085}.Release|Any CPU.Build.0 = Release|Any CPU
		{F03ADD53-6156-40FC-B7BA-EAD9EE834085}.Release|iPhone.ActiveCfg = Release|Any CPU
		{F03ADD53-6156-40FC-B7BA-EAD9EE834085}.Release|iPhoneSimulator.ActiveCfg = Release|Any CPU
		{F03ADD53-6156-40FC-B7BA-EAD9EE834085}.Release|Mixed Platforms.ActiveCfg = Release|Any CPU
		{F03ADD53-6156-40FC-B7BA-EAD9EE834085}.Release|Mixed Platforms.Build.0 = Release|Any CPU
		{D6A773F0-39BA-4CAA-BE44-ABBECA8A4BA4}.Ad-Hoc|Any CPU.ActiveCfg = Release|Any CPU
		{D6A773F0-39BA-4CAA-BE44-ABBECA8A4BA4}.Ad-Hoc|Any CPU.Build.0 = Release|Any CPU
		{D6A773F0-39BA-4CAA-BE44-ABBECA8A4BA4}.Ad-Hoc|iPhone.ActiveCfg = Release|Any CPU
		{D6A773F0-39BA-4CAA-BE44-ABBECA8A4BA4}.Ad-Hoc|iPhoneSimulator.ActiveCfg = Release|Any CPU
		{D6A773F0-39BA-4CAA-BE44-ABBECA8A4BA4}.Ad-Hoc|Mixed Platforms.ActiveCfg = Release|Any CPU
		{D6A773F0-39BA-4CAA-BE44-ABBECA8A4BA4}.Ad-Hoc|Mixed Platforms.Build.0 = Release|Any CPU
		{D6A773F0-39BA-4CAA-BE44-ABBECA8A4BA4}.AppStore|Any CPU.ActiveCfg = Release|Any CPU
		{D6A773F0-39BA-4CAA-BE44-ABBECA8A4BA4}.AppStore|Any CPU.Build.0 = Release|Any CPU
		{D6A773F0-39BA-4CAA-BE44-ABBECA8A4BA4}.AppStore|iPhone.ActiveCfg = Release|Any CPU
		{D6A773F0-39BA-4CAA-BE44-ABBECA8A4BA4}.AppStore|iPhoneSimulator.ActiveCfg = Release|Any CPU
		{D6A773F0-39BA-4CAA-BE44-ABBECA8A4BA4}.AppStore|Mixed Platforms.ActiveCfg = Release|Any CPU
		{D6A773F0-39BA-4CAA-BE44-ABBECA8A4BA4}.AppStore|Mixed Platforms.Build.0 = Release|Any CPU
		{D6A773F0-39BA-4CAA-BE44-ABBECA8A4BA4}.Debug|Any CPU.ActiveCfg = Debug|Any CPU
		{D6A773F0-39BA-4CAA-BE44-ABBECA8A4BA4}.Debug|Any CPU.Build.0 = Debug|Any CPU
		{D6A773F0-39BA-4CAA-BE44-ABBECA8A4BA4}.Debug|iPhone.ActiveCfg = Debug|Any CPU
		{D6A773F0-39BA-4CAA-BE44-ABBECA8A4BA4}.Debug|iPhoneSimulator.ActiveCfg = Debug|Any CPU
		{D6A773F0-39BA-4CAA-BE44-ABBECA8A4BA4}.Debug|Mixed Platforms.ActiveCfg = Debug|Any CPU
		{D6A773F0-39BA-4CAA-BE44-ABBECA8A4BA4}.Debug|Mixed Platforms.Build.0 = Debug|Any CPU
		{D6A773F0-39BA-4CAA-BE44-ABBECA8A4BA4}.Release|Any CPU.ActiveCfg = Release|Any CPU
		{D6A773F0-39BA-4CAA-BE44-ABBECA8A4BA4}.Release|Any CPU.Build.0 = Release|Any CPU
		{D6A773F0-39BA-4CAA-BE44-ABBECA8A4BA4}.Release|iPhone.ActiveCfg = Release|Any CPU
		{D6A773F0-39BA-4CAA-BE44-ABBECA8A4BA4}.Release|iPhoneSimulator.ActiveCfg = Release|Any CPU
		{D6A773F0-39BA-4CAA-BE44-ABBECA8A4BA4}.Release|Mixed Platforms.ActiveCfg = Release|Any CPU
		{D6A773F0-39BA-4CAA-BE44-ABBECA8A4BA4}.Release|Mixed Platforms.Build.0 = Release|Any CPU
		{C7A7122B-FE55-49D8-8F79-78518B02FF8F}.Ad-Hoc|Any CPU.ActiveCfg = Release|Any CPU
		{C7A7122B-FE55-49D8-8F79-78518B02FF8F}.Ad-Hoc|Any CPU.Build.0 = Release|Any CPU
		{C7A7122B-FE55-49D8-8F79-78518B02FF8F}.Ad-Hoc|iPhone.ActiveCfg = Release|Any CPU
		{C7A7122B-FE55-49D8-8F79-78518B02FF8F}.Ad-Hoc|iPhoneSimulator.ActiveCfg = Release|Any CPU
		{C7A7122B-FE55-49D8-8F79-78518B02FF8F}.Ad-Hoc|Mixed Platforms.ActiveCfg = Release|Any CPU
		{C7A7122B-FE55-49D8-8F79-78518B02FF8F}.Ad-Hoc|Mixed Platforms.Build.0 = Release|Any CPU
		{C7A7122B-FE55-49D8-8F79-78518B02FF8F}.AppStore|Any CPU.ActiveCfg = Release|Any CPU
		{C7A7122B-FE55-49D8-8F79-78518B02FF8F}.AppStore|Any CPU.Build.0 = Release|Any CPU
		{C7A7122B-FE55-49D8-8F79-78518B02FF8F}.AppStore|iPhone.ActiveCfg = Release|Any CPU
		{C7A7122B-FE55-49D8-8F79-78518B02FF8F}.AppStore|iPhoneSimulator.ActiveCfg = Release|Any CPU
		{C7A7122B-FE55-49D8-8F79-78518B02FF8F}.AppStore|Mixed Platforms.ActiveCfg = Release|Any CPU
		{C7A7122B-FE55-49D8-8F79-78518B02FF8F}.AppStore|Mixed Platforms.Build.0 = Release|Any CPU
		{C7A7122B-FE55-49D8-8F79-78518B02FF8F}.Debug|Any CPU.ActiveCfg = Debug|Any CPU
		{C7A7122B-FE55-49D8-8F79-78518B02FF8F}.Debug|Any CPU.Build.0 = Debug|Any CPU
		{C7A7122B-FE55-49D8-8F79-78518B02FF8F}.Debug|iPhone.ActiveCfg = Debug|Any CPU
		{C7A7122B-FE55-49D8-8F79-78518B02FF8F}.Debug|iPhoneSimulator.ActiveCfg = Debug|Any CPU
		{C7A7122B-FE55-49D8-8F79-78518B02FF8F}.Debug|Mixed Platforms.ActiveCfg = Debug|Any CPU
		{C7A7122B-FE55-49D8-8F79-78518B02FF8F}.Debug|Mixed Platforms.Build.0 = Debug|Any CPU
		{C7A7122B-FE55-49D8-8F79-78518B02FF8F}.Release|Any CPU.ActiveCfg = Release|Any CPU
		{C7A7122B-FE55-49D8-8F79-78518B02FF8F}.Release|Any CPU.Build.0 = Release|Any CPU
		{C7A7122B-FE55-49D8-8F79-78518B02FF8F}.Release|iPhone.ActiveCfg = Release|Any CPU
		{C7A7122B-FE55-49D8-8F79-78518B02FF8F}.Release|iPhoneSimulator.ActiveCfg = Release|Any CPU
		{C7A7122B-FE55-49D8-8F79-78518B02FF8F}.Release|Mixed Platforms.ActiveCfg = Release|Any CPU
		{C7A7122B-FE55-49D8-8F79-78518B02FF8F}.Release|Mixed Platforms.Build.0 = Release|Any CPU
		{F25680D1-22A3-4463-947E-E4D0B10BDF20}.Ad-Hoc|Any CPU.ActiveCfg = Release|Any CPU
		{F25680D1-22A3-4463-947E-E4D0B10BDF20}.Ad-Hoc|Any CPU.Build.0 = Release|Any CPU
		{F25680D1-22A3-4463-947E-E4D0B10BDF20}.Ad-Hoc|iPhone.ActiveCfg = Release|Any CPU
		{F25680D1-22A3-4463-947E-E4D0B10BDF20}.Ad-Hoc|iPhoneSimulator.ActiveCfg = Release|Any CPU
		{F25680D1-22A3-4463-947E-E4D0B10BDF20}.Ad-Hoc|Mixed Platforms.ActiveCfg = Release|Any CPU
		{F25680D1-22A3-4463-947E-E4D0B10BDF20}.Ad-Hoc|Mixed Platforms.Build.0 = Release|Any CPU
		{F25680D1-22A3-4463-947E-E4D0B10BDF20}.AppStore|Any CPU.ActiveCfg = Release|Any CPU
		{F25680D1-22A3-4463-947E-E4D0B10BDF20}.AppStore|Any CPU.Build.0 = Release|Any CPU
		{F25680D1-22A3-4463-947E-E4D0B10BDF20}.AppStore|iPhone.ActiveCfg = Release|Any CPU
		{F25680D1-22A3-4463-947E-E4D0B10BDF20}.AppStore|iPhoneSimulator.ActiveCfg = Release|Any CPU
		{F25680D1-22A3-4463-947E-E4D0B10BDF20}.AppStore|Mixed Platforms.ActiveCfg = Release|Any CPU
		{F25680D1-22A3-4463-947E-E4D0B10BDF20}.AppStore|Mixed Platforms.Build.0 = Release|Any CPU
		{F25680D1-22A3-4463-947E-E4D0B10BDF20}.Debug|Any CPU.ActiveCfg = Debug|Any CPU
		{F25680D1-22A3-4463-947E-E4D0B10BDF20}.Debug|Any CPU.Build.0 = Debug|Any CPU
		{F25680D1-22A3-4463-947E-E4D0B10BDF20}.Debug|iPhone.ActiveCfg = Debug|Any CPU
		{F25680D1-22A3-4463-947E-E4D0B10BDF20}.Debug|iPhoneSimulator.ActiveCfg = Debug|Any CPU
		{F25680D1-22A3-4463-947E-E4D0B10BDF20}.Debug|Mixed Platforms.ActiveCfg = Debug|Any CPU
		{F25680D1-22A3-4463-947E-E4D0B10BDF20}.Debug|Mixed Platforms.Build.0 = Debug|Any CPU
		{F25680D1-22A3-4463-947E-E4D0B10BDF20}.Release|Any CPU.ActiveCfg = Release|Any CPU
		{F25680D1-22A3-4463-947E-E4D0B10BDF20}.Release|Any CPU.Build.0 = Release|Any CPU
		{F25680D1-22A3-4463-947E-E4D0B10BDF20}.Release|iPhone.ActiveCfg = Release|Any CPU
		{F25680D1-22A3-4463-947E-E4D0B10BDF20}.Release|iPhoneSimulator.ActiveCfg = Release|Any CPU
		{F25680D1-22A3-4463-947E-E4D0B10BDF20}.Release|Mixed Platforms.ActiveCfg = Release|Any CPU
		{F25680D1-22A3-4463-947E-E4D0B10BDF20}.Release|Mixed Platforms.Build.0 = Release|Any CPU
		{7073F0C8-0A73-4BC6-B04D-049114B8EEFF}.Ad-Hoc|Any CPU.ActiveCfg = Release|Any CPU
		{7073F0C8-0A73-4BC6-B04D-049114B8EEFF}.Ad-Hoc|Any CPU.Build.0 = Release|Any CPU
		{7073F0C8-0A73-4BC6-B04D-049114B8EEFF}.Ad-Hoc|Any CPU.Deploy.0 = Release|Any CPU
		{7073F0C8-0A73-4BC6-B04D-049114B8EEFF}.Ad-Hoc|iPhone.ActiveCfg = Release|Any CPU
		{7073F0C8-0A73-4BC6-B04D-049114B8EEFF}.Ad-Hoc|iPhoneSimulator.ActiveCfg = Release|Any CPU
		{7073F0C8-0A73-4BC6-B04D-049114B8EEFF}.Ad-Hoc|Mixed Platforms.ActiveCfg = Release|Any CPU
		{7073F0C8-0A73-4BC6-B04D-049114B8EEFF}.Ad-Hoc|Mixed Platforms.Build.0 = Release|Any CPU
		{7073F0C8-0A73-4BC6-B04D-049114B8EEFF}.Ad-Hoc|Mixed Platforms.Deploy.0 = Release|Any CPU
		{7073F0C8-0A73-4BC6-B04D-049114B8EEFF}.AppStore|Any CPU.ActiveCfg = Release|Any CPU
		{7073F0C8-0A73-4BC6-B04D-049114B8EEFF}.AppStore|Any CPU.Build.0 = Release|Any CPU
		{7073F0C8-0A73-4BC6-B04D-049114B8EEFF}.AppStore|Any CPU.Deploy.0 = Release|Any CPU
		{7073F0C8-0A73-4BC6-B04D-049114B8EEFF}.AppStore|iPhone.ActiveCfg = Release|Any CPU
		{7073F0C8-0A73-4BC6-B04D-049114B8EEFF}.AppStore|iPhoneSimulator.ActiveCfg = Release|Any CPU
		{7073F0C8-0A73-4BC6-B04D-049114B8EEFF}.AppStore|Mixed Platforms.ActiveCfg = Release|Any CPU
		{7073F0C8-0A73-4BC6-B04D-049114B8EEFF}.AppStore|Mixed Platforms.Build.0 = Release|Any CPU
		{7073F0C8-0A73-4BC6-B04D-049114B8EEFF}.AppStore|Mixed Platforms.Deploy.0 = Release|Any CPU
		{7073F0C8-0A73-4BC6-B04D-049114B8EEFF}.Debug|Any CPU.ActiveCfg = Debug|Any CPU
		{7073F0C8-0A73-4BC6-B04D-049114B8EEFF}.Debug|Any CPU.Build.0 = Debug|Any CPU
		{7073F0C8-0A73-4BC6-B04D-049114B8EEFF}.Debug|Any CPU.Deploy.0 = Debug|Any CPU
		{7073F0C8-0A73-4BC6-B04D-049114B8EEFF}.Debug|iPhone.ActiveCfg = Debug|Any CPU
		{7073F0C8-0A73-4BC6-B04D-049114B8EEFF}.Debug|iPhoneSimulator.ActiveCfg = Debug|Any CPU
		{7073F0C8-0A73-4BC6-B04D-049114B8EEFF}.Debug|Mixed Platforms.ActiveCfg = Debug|Any CPU
		{7073F0C8-0A73-4BC6-B04D-049114B8EEFF}.Debug|Mixed Platforms.Build.0 = Debug|Any CPU
		{7073F0C8-0A73-4BC6-B04D-049114B8EEFF}.Debug|Mixed Platforms.Deploy.0 = Debug|Any CPU
		{7073F0C8-0A73-4BC6-B04D-049114B8EEFF}.Release|Any CPU.ActiveCfg = Release|Any CPU
		{7073F0C8-0A73-4BC6-B04D-049114B8EEFF}.Release|Any CPU.Build.0 = Release|Any CPU
		{7073F0C8-0A73-4BC6-B04D-049114B8EEFF}.Release|Any CPU.Deploy.0 = Release|Any CPU
		{7073F0C8-0A73-4BC6-B04D-049114B8EEFF}.Release|iPhone.ActiveCfg = Release|Any CPU
		{7073F0C8-0A73-4BC6-B04D-049114B8EEFF}.Release|iPhoneSimulator.ActiveCfg = Release|Any CPU
		{7073F0C8-0A73-4BC6-B04D-049114B8EEFF}.Release|Mixed Platforms.ActiveCfg = Release|Any CPU
		{7073F0C8-0A73-4BC6-B04D-049114B8EEFF}.Release|Mixed Platforms.Build.0 = Release|Any CPU
		{7073F0C8-0A73-4BC6-B04D-049114B8EEFF}.Release|Mixed Platforms.Deploy.0 = Release|Any CPU
		{EC8E1A50-FD04-481F-A646-AA605301F756}.Ad-Hoc|Any CPU.ActiveCfg = Release|Any CPU
		{EC8E1A50-FD04-481F-A646-AA605301F756}.Ad-Hoc|Any CPU.Build.0 = Release|Any CPU
		{EC8E1A50-FD04-481F-A646-AA605301F756}.Ad-Hoc|iPhone.ActiveCfg = Release|Any CPU
		{EC8E1A50-FD04-481F-A646-AA605301F756}.Ad-Hoc|iPhoneSimulator.ActiveCfg = Release|Any CPU
		{EC8E1A50-FD04-481F-A646-AA605301F756}.Ad-Hoc|Mixed Platforms.ActiveCfg = Release|Any CPU
		{EC8E1A50-FD04-481F-A646-AA605301F756}.Ad-Hoc|Mixed Platforms.Build.0 = Release|Any CPU
		{EC8E1A50-FD04-481F-A646-AA605301F756}.AppStore|Any CPU.ActiveCfg = Release|Any CPU
		{EC8E1A50-FD04-481F-A646-AA605301F756}.AppStore|Any CPU.Build.0 = Release|Any CPU
		{EC8E1A50-FD04-481F-A646-AA605301F756}.AppStore|iPhone.ActiveCfg = Release|Any CPU
		{EC8E1A50-FD04-481F-A646-AA605301F756}.AppStore|iPhoneSimulator.ActiveCfg = Release|Any CPU
		{EC8E1A50-FD04-481F-A646-AA605301F756}.AppStore|Mixed Platforms.ActiveCfg = Release|Any CPU
		{EC8E1A50-FD04-481F-A646-AA605301F756}.AppStore|Mixed Platforms.Build.0 = Release|Any CPU
		{EC8E1A50-FD04-481F-A646-AA605301F756}.Debug|Any CPU.ActiveCfg = Debug|Any CPU
		{EC8E1A50-FD04-481F-A646-AA605301F756}.Debug|Any CPU.Build.0 = Debug|Any CPU
		{EC8E1A50-FD04-481F-A646-AA605301F756}.Debug|iPhone.ActiveCfg = Debug|Any CPU
		{EC8E1A50-FD04-481F-A646-AA605301F756}.Debug|iPhoneSimulator.ActiveCfg = Debug|Any CPU
		{EC8E1A50-FD04-481F-A646-AA605301F756}.Debug|Mixed Platforms.ActiveCfg = Debug|Any CPU
		{EC8E1A50-FD04-481F-A646-AA605301F756}.Debug|Mixed Platforms.Build.0 = Debug|Any CPU
		{EC8E1A50-FD04-481F-A646-AA605301F756}.Release|Any CPU.ActiveCfg = Release|Any CPU
		{EC8E1A50-FD04-481F-A646-AA605301F756}.Release|Any CPU.Build.0 = Release|Any CPU
		{EC8E1A50-FD04-481F-A646-AA605301F756}.Release|iPhone.ActiveCfg = Release|Any CPU
		{EC8E1A50-FD04-481F-A646-AA605301F756}.Release|iPhoneSimulator.ActiveCfg = Release|Any CPU
		{EC8E1A50-FD04-481F-A646-AA605301F756}.Release|Mixed Platforms.ActiveCfg = Release|Any CPU
		{EC8E1A50-FD04-481F-A646-AA605301F756}.Release|Mixed Platforms.Build.0 = Release|Any CPU
		{60BE5709-2354-47F5-9430-8C0A444F8B5A}.Ad-Hoc|Any CPU.ActiveCfg = Release|Any CPU
		{60BE5709-2354-47F5-9430-8C0A444F8B5A}.Ad-Hoc|Any CPU.Build.0 = Release|Any CPU
		{60BE5709-2354-47F5-9430-8C0A444F8B5A}.Ad-Hoc|iPhone.ActiveCfg = Release|Any CPU
		{60BE5709-2354-47F5-9430-8C0A444F8B5A}.Ad-Hoc|iPhoneSimulator.ActiveCfg = Release|Any CPU
		{60BE5709-2354-47F5-9430-8C0A444F8B5A}.Ad-Hoc|Mixed Platforms.ActiveCfg = Release|Any CPU
		{60BE5709-2354-47F5-9430-8C0A444F8B5A}.Ad-Hoc|Mixed Platforms.Build.0 = Release|Any CPU
		{60BE5709-2354-47F5-9430-8C0A444F8B5A}.AppStore|Any CPU.ActiveCfg = Release|Any CPU
		{60BE5709-2354-47F5-9430-8C0A444F8B5A}.AppStore|Any CPU.Build.0 = Release|Any CPU
		{60BE5709-2354-47F5-9430-8C0A444F8B5A}.AppStore|iPhone.ActiveCfg = Release|Any CPU
		{60BE5709-2354-47F5-9430-8C0A444F8B5A}.AppStore|iPhoneSimulator.ActiveCfg = Release|Any CPU
		{60BE5709-2354-47F5-9430-8C0A444F8B5A}.AppStore|Mixed Platforms.ActiveCfg = Release|Any CPU
		{60BE5709-2354-47F5-9430-8C0A444F8B5A}.AppStore|Mixed Platforms.Build.0 = Release|Any CPU
		{60BE5709-2354-47F5-9430-8C0A444F8B5A}.Debug|Any CPU.ActiveCfg = Debug|Any CPU
		{60BE5709-2354-47F5-9430-8C0A444F8B5A}.Debug|Any CPU.Build.0 = Debug|Any CPU
		{60BE5709-2354-47F5-9430-8C0A444F8B5A}.Debug|iPhone.ActiveCfg = Debug|Any CPU
		{60BE5709-2354-47F5-9430-8C0A444F8B5A}.Debug|iPhoneSimulator.ActiveCfg = Debug|Any CPU
		{60BE5709-2354-47F5-9430-8C0A444F8B5A}.Debug|Mixed Platforms.ActiveCfg = Debug|Any CPU
		{60BE5709-2354-47F5-9430-8C0A444F8B5A}.Debug|Mixed Platforms.Build.0 = Debug|Any CPU
		{60BE5709-2354-47F5-9430-8C0A444F8B5A}.Release|Any CPU.ActiveCfg = Release|Any CPU
		{60BE5709-2354-47F5-9430-8C0A444F8B5A}.Release|Any CPU.Build.0 = Release|Any CPU
		{60BE5709-2354-47F5-9430-8C0A444F8B5A}.Release|iPhone.ActiveCfg = Release|Any CPU
		{60BE5709-2354-47F5-9430-8C0A444F8B5A}.Release|iPhoneSimulator.ActiveCfg = Release|Any CPU
		{60BE5709-2354-47F5-9430-8C0A444F8B5A}.Release|Mixed Platforms.ActiveCfg = Release|Any CPU
		{60BE5709-2354-47F5-9430-8C0A444F8B5A}.Release|Mixed Platforms.Build.0 = Release|Any CPU
		{862D0445-6858-4197-8709-EFD5956DA29E}.Ad-Hoc|Any CPU.ActiveCfg = Release|Any CPU
		{862D0445-6858-4197-8709-EFD5956DA29E}.Ad-Hoc|Any CPU.Build.0 = Release|Any CPU
		{862D0445-6858-4197-8709-EFD5956DA29E}.Ad-Hoc|Any CPU.Deploy.0 = Release|Any CPU
		{862D0445-6858-4197-8709-EFD5956DA29E}.Ad-Hoc|iPhone.ActiveCfg = Release|Any CPU
		{862D0445-6858-4197-8709-EFD5956DA29E}.Ad-Hoc|iPhoneSimulator.ActiveCfg = Release|Any CPU
		{862D0445-6858-4197-8709-EFD5956DA29E}.Ad-Hoc|Mixed Platforms.ActiveCfg = Release|Any CPU
		{862D0445-6858-4197-8709-EFD5956DA29E}.Ad-Hoc|Mixed Platforms.Build.0 = Release|Any CPU
		{862D0445-6858-4197-8709-EFD5956DA29E}.Ad-Hoc|Mixed Platforms.Deploy.0 = Release|Any CPU
		{862D0445-6858-4197-8709-EFD5956DA29E}.AppStore|Any CPU.ActiveCfg = Release|Any CPU
		{862D0445-6858-4197-8709-EFD5956DA29E}.AppStore|Any CPU.Build.0 = Release|Any CPU
		{862D0445-6858-4197-8709-EFD5956DA29E}.AppStore|Any CPU.Deploy.0 = Release|Any CPU
		{862D0445-6858-4197-8709-EFD5956DA29E}.AppStore|iPhone.ActiveCfg = Release|Any CPU
		{862D0445-6858-4197-8709-EFD5956DA29E}.AppStore|iPhoneSimulator.ActiveCfg = Release|Any CPU
		{862D0445-6858-4197-8709-EFD5956DA29E}.AppStore|Mixed Platforms.ActiveCfg = Release|Any CPU
		{862D0445-6858-4197-8709-EFD5956DA29E}.AppStore|Mixed Platforms.Build.0 = Release|Any CPU
		{862D0445-6858-4197-8709-EFD5956DA29E}.AppStore|Mixed Platforms.Deploy.0 = Release|Any CPU
		{862D0445-6858-4197-8709-EFD5956DA29E}.Debug|Any CPU.ActiveCfg = Debug|Any CPU
		{862D0445-6858-4197-8709-EFD5956DA29E}.Debug|Any CPU.Build.0 = Debug|Any CPU
		{862D0445-6858-4197-8709-EFD5956DA29E}.Debug|Any CPU.Deploy.0 = Debug|Any CPU
		{862D0445-6858-4197-8709-EFD5956DA29E}.Debug|iPhone.ActiveCfg = Debug|Any CPU
		{862D0445-6858-4197-8709-EFD5956DA29E}.Debug|iPhoneSimulator.ActiveCfg = Debug|Any CPU
		{862D0445-6858-4197-8709-EFD5956DA29E}.Debug|Mixed Platforms.ActiveCfg = Debug|Any CPU
		{862D0445-6858-4197-8709-EFD5956DA29E}.Debug|Mixed Platforms.Build.0 = Debug|Any CPU
		{862D0445-6858-4197-8709-EFD5956DA29E}.Debug|Mixed Platforms.Deploy.0 = Debug|Any CPU
		{862D0445-6858-4197-8709-EFD5956DA29E}.Release|Any CPU.ActiveCfg = Release|Any CPU
		{862D0445-6858-4197-8709-EFD5956DA29E}.Release|Any CPU.Build.0 = Release|Any CPU
		{862D0445-6858-4197-8709-EFD5956DA29E}.Release|Any CPU.Deploy.0 = Release|Any CPU
		{862D0445-6858-4197-8709-EFD5956DA29E}.Release|iPhone.ActiveCfg = Release|Any CPU
		{862D0445-6858-4197-8709-EFD5956DA29E}.Release|iPhoneSimulator.ActiveCfg = Release|Any CPU
		{862D0445-6858-4197-8709-EFD5956DA29E}.Release|Mixed Platforms.ActiveCfg = Release|Any CPU
		{862D0445-6858-4197-8709-EFD5956DA29E}.Release|Mixed Platforms.Build.0 = Release|Any CPU
		{862D0445-6858-4197-8709-EFD5956DA29E}.Release|Mixed Platforms.Deploy.0 = Release|Any CPU
		{19E2050D-E12C-4C21-A20A-F4B7B04451DF}.Ad-Hoc|Any CPU.ActiveCfg = Release|Any CPU
		{19E2050D-E12C-4C21-A20A-F4B7B04451DF}.Ad-Hoc|Any CPU.Build.0 = Release|Any CPU
		{19E2050D-E12C-4C21-A20A-F4B7B04451DF}.Ad-Hoc|iPhone.ActiveCfg = Release|Any CPU
		{19E2050D-E12C-4C21-A20A-F4B7B04451DF}.Ad-Hoc|iPhoneSimulator.ActiveCfg = Release|Any CPU
		{19E2050D-E12C-4C21-A20A-F4B7B04451DF}.Ad-Hoc|Mixed Platforms.ActiveCfg = Release|Any CPU
		{19E2050D-E12C-4C21-A20A-F4B7B04451DF}.Ad-Hoc|Mixed Platforms.Build.0 = Release|Any CPU
		{19E2050D-E12C-4C21-A20A-F4B7B04451DF}.AppStore|Any CPU.ActiveCfg = Release|Any CPU
		{19E2050D-E12C-4C21-A20A-F4B7B04451DF}.AppStore|Any CPU.Build.0 = Release|Any CPU
		{19E2050D-E12C-4C21-A20A-F4B7B04451DF}.AppStore|iPhone.ActiveCfg = Release|Any CPU
		{19E2050D-E12C-4C21-A20A-F4B7B04451DF}.AppStore|iPhoneSimulator.ActiveCfg = Release|Any CPU
		{19E2050D-E12C-4C21-A20A-F4B7B04451DF}.AppStore|Mixed Platforms.ActiveCfg = Release|Any CPU
		{19E2050D-E12C-4C21-A20A-F4B7B04451DF}.AppStore|Mixed Platforms.Build.0 = Release|Any CPU
		{19E2050D-E12C-4C21-A20A-F4B7B04451DF}.Debug|Any CPU.ActiveCfg = Debug|Any CPU
		{19E2050D-E12C-4C21-A20A-F4B7B04451DF}.Debug|Any CPU.Build.0 = Debug|Any CPU
		{19E2050D-E12C-4C21-A20A-F4B7B04451DF}.Debug|iPhone.ActiveCfg = Debug|Any CPU
		{19E2050D-E12C-4C21-A20A-F4B7B04451DF}.Debug|iPhoneSimulator.ActiveCfg = Debug|Any CPU
		{19E2050D-E12C-4C21-A20A-F4B7B04451DF}.Debug|Mixed Platforms.ActiveCfg = Debug|Any CPU
		{19E2050D-E12C-4C21-A20A-F4B7B04451DF}.Debug|Mixed Platforms.Build.0 = Debug|Any CPU
		{19E2050D-E12C-4C21-A20A-F4B7B04451DF}.Release|Any CPU.ActiveCfg = Release|Any CPU
		{19E2050D-E12C-4C21-A20A-F4B7B04451DF}.Release|Any CPU.Build.0 = Release|Any CPU
		{19E2050D-E12C-4C21-A20A-F4B7B04451DF}.Release|iPhone.ActiveCfg = Release|Any CPU
		{19E2050D-E12C-4C21-A20A-F4B7B04451DF}.Release|iPhoneSimulator.ActiveCfg = Release|Any CPU
		{19E2050D-E12C-4C21-A20A-F4B7B04451DF}.Release|Mixed Platforms.ActiveCfg = Release|Any CPU
		{19E2050D-E12C-4C21-A20A-F4B7B04451DF}.Release|Mixed Platforms.Build.0 = Release|Any CPU
		{0A94D1F8-F06F-48EF-B425-5B74758FBABA}.Ad-Hoc|Any CPU.ActiveCfg = Release|Any CPU
		{0A94D1F8-F06F-48EF-B425-5B74758FBABA}.Ad-Hoc|Any CPU.Build.0 = Release|Any CPU
		{0A94D1F8-F06F-48EF-B425-5B74758FBABA}.Ad-Hoc|iPhone.ActiveCfg = Release|Any CPU
		{0A94D1F8-F06F-48EF-B425-5B74758FBABA}.Ad-Hoc|iPhoneSimulator.ActiveCfg = Release|Any CPU
		{0A94D1F8-F06F-48EF-B425-5B74758FBABA}.Ad-Hoc|Mixed Platforms.ActiveCfg = Release|Any CPU
		{0A94D1F8-F06F-48EF-B425-5B74758FBABA}.Ad-Hoc|Mixed Platforms.Build.0 = Release|Any CPU
		{0A94D1F8-F06F-48EF-B425-5B74758FBABA}.AppStore|Any CPU.ActiveCfg = Release|Any CPU
		{0A94D1F8-F06F-48EF-B425-5B74758FBABA}.AppStore|Any CPU.Build.0 = Release|Any CPU
		{0A94D1F8-F06F-48EF-B425-5B74758FBABA}.AppStore|iPhone.ActiveCfg = Release|Any CPU
		{0A94D1F8-F06F-48EF-B425-5B74758FBABA}.AppStore|iPhoneSimulator.ActiveCfg = Release|Any CPU
		{0A94D1F8-F06F-48EF-B425-5B74758FBABA}.AppStore|Mixed Platforms.ActiveCfg = Release|Any CPU
		{0A94D1F8-F06F-48EF-B425-5B74758FBABA}.AppStore|Mixed Platforms.Build.0 = Release|Any CPU
		{0A94D1F8-F06F-48EF-B425-5B74758FBABA}.Debug|Any CPU.ActiveCfg = Debug|Any CPU
		{0A94D1F8-F06F-48EF-B425-5B74758FBABA}.Debug|Any CPU.Build.0 = Debug|Any CPU
		{0A94D1F8-F06F-48EF-B425-5B74758FBABA}.Debug|iPhone.ActiveCfg = Debug|Any CPU
		{0A94D1F8-F06F-48EF-B425-5B74758FBABA}.Debug|iPhoneSimulator.ActiveCfg = Debug|Any CPU
		{0A94D1F8-F06F-48EF-B425-5B74758FBABA}.Debug|Mixed Platforms.ActiveCfg = Debug|Any CPU
		{0A94D1F8-F06F-48EF-B425-5B74758FBABA}.Debug|Mixed Platforms.Build.0 = Debug|Any CPU
		{0A94D1F8-F06F-48EF-B425-5B74758FBABA}.Release|Any CPU.ActiveCfg = Release|Any CPU
		{0A94D1F8-F06F-48EF-B425-5B74758FBABA}.Release|Any CPU.Build.0 = Release|Any CPU
		{0A94D1F8-F06F-48EF-B425-5B74758FBABA}.Release|iPhone.ActiveCfg = Release|Any CPU
		{0A94D1F8-F06F-48EF-B425-5B74758FBABA}.Release|iPhoneSimulator.ActiveCfg = Release|Any CPU
		{0A94D1F8-F06F-48EF-B425-5B74758FBABA}.Release|Mixed Platforms.ActiveCfg = Release|Any CPU
		{0A94D1F8-F06F-48EF-B425-5B74758FBABA}.Release|Mixed Platforms.Build.0 = Release|Any CPU
		{62E281FD-6608-4122-B98C-2682E6F7A0DC}.Ad-Hoc|Any CPU.ActiveCfg = Release|Any CPU
		{62E281FD-6608-4122-B98C-2682E6F7A0DC}.Ad-Hoc|Any CPU.Build.0 = Release|Any CPU
		{62E281FD-6608-4122-B98C-2682E6F7A0DC}.Ad-Hoc|iPhone.ActiveCfg = Release|Any CPU
		{62E281FD-6608-4122-B98C-2682E6F7A0DC}.Ad-Hoc|iPhoneSimulator.ActiveCfg = Release|Any CPU
		{62E281FD-6608-4122-B98C-2682E6F7A0DC}.Ad-Hoc|Mixed Platforms.ActiveCfg = Release|Any CPU
		{62E281FD-6608-4122-B98C-2682E6F7A0DC}.Ad-Hoc|Mixed Platforms.Build.0 = Release|Any CPU
		{62E281FD-6608-4122-B98C-2682E6F7A0DC}.AppStore|Any CPU.ActiveCfg = Release|Any CPU
		{62E281FD-6608-4122-B98C-2682E6F7A0DC}.AppStore|Any CPU.Build.0 = Release|Any CPU
		{62E281FD-6608-4122-B98C-2682E6F7A0DC}.AppStore|iPhone.ActiveCfg = Release|Any CPU
		{62E281FD-6608-4122-B98C-2682E6F7A0DC}.AppStore|iPhoneSimulator.ActiveCfg = Release|Any CPU
		{62E281FD-6608-4122-B98C-2682E6F7A0DC}.AppStore|Mixed Platforms.ActiveCfg = Release|Any CPU
		{62E281FD-6608-4122-B98C-2682E6F7A0DC}.AppStore|Mixed Platforms.Build.0 = Release|Any CPU
		{62E281FD-6608-4122-B98C-2682E6F7A0DC}.Debug|Any CPU.ActiveCfg = Debug|Any CPU
		{62E281FD-6608-4122-B98C-2682E6F7A0DC}.Debug|Any CPU.Build.0 = Debug|Any CPU
		{62E281FD-6608-4122-B98C-2682E6F7A0DC}.Debug|iPhone.ActiveCfg = Debug|Any CPU
		{62E281FD-6608-4122-B98C-2682E6F7A0DC}.Debug|iPhoneSimulator.ActiveCfg = Debug|Any CPU
		{62E281FD-6608-4122-B98C-2682E6F7A0DC}.Debug|Mixed Platforms.ActiveCfg = Debug|Any CPU
		{62E281FD-6608-4122-B98C-2682E6F7A0DC}.Debug|Mixed Platforms.Build.0 = Debug|Any CPU
		{62E281FD-6608-4122-B98C-2682E6F7A0DC}.Release|Any CPU.ActiveCfg = Release|Any CPU
		{62E281FD-6608-4122-B98C-2682E6F7A0DC}.Release|Any CPU.Build.0 = Release|Any CPU
		{62E281FD-6608-4122-B98C-2682E6F7A0DC}.Release|iPhone.ActiveCfg = Release|Any CPU
		{62E281FD-6608-4122-B98C-2682E6F7A0DC}.Release|iPhoneSimulator.ActiveCfg = Release|Any CPU
		{62E281FD-6608-4122-B98C-2682E6F7A0DC}.Release|Mixed Platforms.ActiveCfg = Release|Any CPU
		{62E281FD-6608-4122-B98C-2682E6F7A0DC}.Release|Mixed Platforms.Build.0 = Release|Any CPU
		{95CEF015-97F5-4773-8876-3D35F87DD588}.Ad-Hoc|Any CPU.ActiveCfg = Release|Any CPU
		{95CEF015-97F5-4773-8876-3D35F87DD588}.Ad-Hoc|Any CPU.Build.0 = Release|Any CPU
		{95CEF015-97F5-4773-8876-3D35F87DD588}.Ad-Hoc|iPhone.ActiveCfg = Release|Any CPU
		{95CEF015-97F5-4773-8876-3D35F87DD588}.Ad-Hoc|iPhoneSimulator.ActiveCfg = Release|Any CPU
		{95CEF015-97F5-4773-8876-3D35F87DD588}.Ad-Hoc|Mixed Platforms.ActiveCfg = Release|Any CPU
		{95CEF015-97F5-4773-8876-3D35F87DD588}.Ad-Hoc|Mixed Platforms.Build.0 = Release|Any CPU
		{95CEF015-97F5-4773-8876-3D35F87DD588}.AppStore|Any CPU.ActiveCfg = Release|Any CPU
		{95CEF015-97F5-4773-8876-3D35F87DD588}.AppStore|Any CPU.Build.0 = Release|Any CPU
		{95CEF015-97F5-4773-8876-3D35F87DD588}.AppStore|iPhone.ActiveCfg = Release|Any CPU
		{95CEF015-97F5-4773-8876-3D35F87DD588}.AppStore|iPhoneSimulator.ActiveCfg = Release|Any CPU
		{95CEF015-97F5-4773-8876-3D35F87DD588}.AppStore|Mixed Platforms.ActiveCfg = Release|Any CPU
		{95CEF015-97F5-4773-8876-3D35F87DD588}.AppStore|Mixed Platforms.Build.0 = Release|Any CPU
		{95CEF015-97F5-4773-8876-3D35F87DD588}.Debug|Any CPU.ActiveCfg = Debug|Any CPU
		{95CEF015-97F5-4773-8876-3D35F87DD588}.Debug|Any CPU.Build.0 = Debug|Any CPU
		{95CEF015-97F5-4773-8876-3D35F87DD588}.Debug|iPhone.ActiveCfg = Debug|Any CPU
		{95CEF015-97F5-4773-8876-3D35F87DD588}.Debug|iPhoneSimulator.ActiveCfg = Debug|Any CPU
		{95CEF015-97F5-4773-8876-3D35F87DD588}.Debug|Mixed Platforms.ActiveCfg = Debug|Any CPU
		{95CEF015-97F5-4773-8876-3D35F87DD588}.Debug|Mixed Platforms.Build.0 = Debug|Any CPU
		{95CEF015-97F5-4773-8876-3D35F87DD588}.Release|Any CPU.ActiveCfg = Release|Any CPU
		{95CEF015-97F5-4773-8876-3D35F87DD588}.Release|Any CPU.Build.0 = Release|Any CPU
		{95CEF015-97F5-4773-8876-3D35F87DD588}.Release|iPhone.ActiveCfg = Release|Any CPU
		{95CEF015-97F5-4773-8876-3D35F87DD588}.Release|iPhoneSimulator.ActiveCfg = Release|Any CPU
		{95CEF015-97F5-4773-8876-3D35F87DD588}.Release|Mixed Platforms.ActiveCfg = Release|Any CPU
		{95CEF015-97F5-4773-8876-3D35F87DD588}.Release|Mixed Platforms.Build.0 = Release|Any CPU
		{ADF93EF7-B56B-4793-9885-8499D2D3CF7A}.Ad-Hoc|Any CPU.ActiveCfg = Release|Any CPU
		{ADF93EF7-B56B-4793-9885-8499D2D3CF7A}.Ad-Hoc|Any CPU.Build.0 = Release|Any CPU
		{ADF93EF7-B56B-4793-9885-8499D2D3CF7A}.Ad-Hoc|iPhone.ActiveCfg = Release|Any CPU
		{ADF93EF7-B56B-4793-9885-8499D2D3CF7A}.Ad-Hoc|iPhoneSimulator.ActiveCfg = Release|Any CPU
		{ADF93EF7-B56B-4793-9885-8499D2D3CF7A}.Ad-Hoc|Mixed Platforms.ActiveCfg = Release|Any CPU
		{ADF93EF7-B56B-4793-9885-8499D2D3CF7A}.Ad-Hoc|Mixed Platforms.Build.0 = Release|Any CPU
		{ADF93EF7-B56B-4793-9885-8499D2D3CF7A}.AppStore|Any CPU.ActiveCfg = Release|Any CPU
		{ADF93EF7-B56B-4793-9885-8499D2D3CF7A}.AppStore|Any CPU.Build.0 = Release|Any CPU
		{ADF93EF7-B56B-4793-9885-8499D2D3CF7A}.AppStore|iPhone.ActiveCfg = Release|Any CPU
		{ADF93EF7-B56B-4793-9885-8499D2D3CF7A}.AppStore|iPhoneSimulator.ActiveCfg = Release|Any CPU
		{ADF93EF7-B56B-4793-9885-8499D2D3CF7A}.AppStore|Mixed Platforms.ActiveCfg = Release|Any CPU
		{ADF93EF7-B56B-4793-9885-8499D2D3CF7A}.AppStore|Mixed Platforms.Build.0 = Release|Any CPU
		{ADF93EF7-B56B-4793-9885-8499D2D3CF7A}.Debug|Any CPU.ActiveCfg = Debug|Any CPU
		{ADF93EF7-B56B-4793-9885-8499D2D3CF7A}.Debug|Any CPU.Build.0 = Debug|Any CPU
		{ADF93EF7-B56B-4793-9885-8499D2D3CF7A}.Debug|iPhone.ActiveCfg = Debug|Any CPU
		{ADF93EF7-B56B-4793-9885-8499D2D3CF7A}.Debug|iPhoneSimulator.ActiveCfg = Debug|Any CPU
		{ADF93EF7-B56B-4793-9885-8499D2D3CF7A}.Debug|Mixed Platforms.ActiveCfg = Debug|Any CPU
		{ADF93EF7-B56B-4793-9885-8499D2D3CF7A}.Debug|Mixed Platforms.Build.0 = Debug|Any CPU
		{ADF93EF7-B56B-4793-9885-8499D2D3CF7A}.Release|Any CPU.ActiveCfg = Release|Any CPU
		{ADF93EF7-B56B-4793-9885-8499D2D3CF7A}.Release|Any CPU.Build.0 = Release|Any CPU
		{ADF93EF7-B56B-4793-9885-8499D2D3CF7A}.Release|iPhone.ActiveCfg = Release|Any CPU
		{ADF93EF7-B56B-4793-9885-8499D2D3CF7A}.Release|iPhoneSimulator.ActiveCfg = Release|Any CPU
		{ADF93EF7-B56B-4793-9885-8499D2D3CF7A}.Release|Mixed Platforms.ActiveCfg = Release|Any CPU
		{ADF93EF7-B56B-4793-9885-8499D2D3CF7A}.Release|Mixed Platforms.Build.0 = Release|Any CPU
		{1A464DAA-3768-4FD1-B168-B1B96EFD7EFD}.Ad-Hoc|Any CPU.ActiveCfg = Release|Any CPU
		{1A464DAA-3768-4FD1-B168-B1B96EFD7EFD}.Ad-Hoc|Any CPU.Build.0 = Release|Any CPU
		{1A464DAA-3768-4FD1-B168-B1B96EFD7EFD}.Ad-Hoc|iPhone.ActiveCfg = Release|Any CPU
		{1A464DAA-3768-4FD1-B168-B1B96EFD7EFD}.Ad-Hoc|iPhoneSimulator.ActiveCfg = Release|Any CPU
		{1A464DAA-3768-4FD1-B168-B1B96EFD7EFD}.Ad-Hoc|Mixed Platforms.ActiveCfg = Release|Any CPU
		{1A464DAA-3768-4FD1-B168-B1B96EFD7EFD}.Ad-Hoc|Mixed Platforms.Build.0 = Release|Any CPU
		{1A464DAA-3768-4FD1-B168-B1B96EFD7EFD}.AppStore|Any CPU.ActiveCfg = Release|Any CPU
		{1A464DAA-3768-4FD1-B168-B1B96EFD7EFD}.AppStore|Any CPU.Build.0 = Release|Any CPU
		{1A464DAA-3768-4FD1-B168-B1B96EFD7EFD}.AppStore|iPhone.ActiveCfg = Release|Any CPU
		{1A464DAA-3768-4FD1-B168-B1B96EFD7EFD}.AppStore|iPhoneSimulator.ActiveCfg = Release|Any CPU
		{1A464DAA-3768-4FD1-B168-B1B96EFD7EFD}.AppStore|Mixed Platforms.ActiveCfg = Release|Any CPU
		{1A464DAA-3768-4FD1-B168-B1B96EFD7EFD}.AppStore|Mixed Platforms.Build.0 = Release|Any CPU
		{1A464DAA-3768-4FD1-B168-B1B96EFD7EFD}.Debug|Any CPU.ActiveCfg = Debug|Any CPU
		{1A464DAA-3768-4FD1-B168-B1B96EFD7EFD}.Debug|Any CPU.Build.0 = Debug|Any CPU
		{1A464DAA-3768-4FD1-B168-B1B96EFD7EFD}.Debug|iPhone.ActiveCfg = Debug|Any CPU
		{1A464DAA-3768-4FD1-B168-B1B96EFD7EFD}.Debug|iPhoneSimulator.ActiveCfg = Debug|Any CPU
		{1A464DAA-3768-4FD1-B168-B1B96EFD7EFD}.Debug|Mixed Platforms.ActiveCfg = Debug|Any CPU
		{1A464DAA-3768-4FD1-B168-B1B96EFD7EFD}.Debug|Mixed Platforms.Build.0 = Debug|Any CPU
		{1A464DAA-3768-4FD1-B168-B1B96EFD7EFD}.Release|Any CPU.ActiveCfg = Release|Any CPU
		{1A464DAA-3768-4FD1-B168-B1B96EFD7EFD}.Release|Any CPU.Build.0 = Release|Any CPU
		{1A464DAA-3768-4FD1-B168-B1B96EFD7EFD}.Release|iPhone.ActiveCfg = Release|Any CPU
		{1A464DAA-3768-4FD1-B168-B1B96EFD7EFD}.Release|iPhoneSimulator.ActiveCfg = Release|Any CPU
		{1A464DAA-3768-4FD1-B168-B1B96EFD7EFD}.Release|Mixed Platforms.ActiveCfg = Release|Any CPU
		{1A464DAA-3768-4FD1-B168-B1B96EFD7EFD}.Release|Mixed Platforms.Build.0 = Release|Any CPU
		{89073F44-08CA-41C4-8B85-779E3434820D}.Ad-Hoc|Any CPU.ActiveCfg = Release|Any CPU
		{89073F44-08CA-41C4-8B85-779E3434820D}.Ad-Hoc|Any CPU.Build.0 = Release|Any CPU
		{89073F44-08CA-41C4-8B85-779E3434820D}.Ad-Hoc|Any CPU.Deploy.0 = Release|Any CPU
		{89073F44-08CA-41C4-8B85-779E3434820D}.Ad-Hoc|iPhone.ActiveCfg = Release|Any CPU
		{89073F44-08CA-41C4-8B85-779E3434820D}.Ad-Hoc|iPhoneSimulator.ActiveCfg = Release|Any CPU
		{89073F44-08CA-41C4-8B85-779E3434820D}.Ad-Hoc|Mixed Platforms.ActiveCfg = Release|Any CPU
		{89073F44-08CA-41C4-8B85-779E3434820D}.Ad-Hoc|Mixed Platforms.Build.0 = Release|Any CPU
		{89073F44-08CA-41C4-8B85-779E3434820D}.Ad-Hoc|Mixed Platforms.Deploy.0 = Release|Any CPU
		{89073F44-08CA-41C4-8B85-779E3434820D}.AppStore|Any CPU.ActiveCfg = Release|Any CPU
		{89073F44-08CA-41C4-8B85-779E3434820D}.AppStore|Any CPU.Build.0 = Release|Any CPU
		{89073F44-08CA-41C4-8B85-779E3434820D}.AppStore|Any CPU.Deploy.0 = Release|Any CPU
		{89073F44-08CA-41C4-8B85-779E3434820D}.AppStore|iPhone.ActiveCfg = Release|Any CPU
		{89073F44-08CA-41C4-8B85-779E3434820D}.AppStore|iPhoneSimulator.ActiveCfg = Release|Any CPU
		{89073F44-08CA-41C4-8B85-779E3434820D}.AppStore|Mixed Platforms.ActiveCfg = Release|Any CPU
		{89073F44-08CA-41C4-8B85-779E3434820D}.AppStore|Mixed Platforms.Build.0 = Release|Any CPU
		{89073F44-08CA-41C4-8B85-779E3434820D}.AppStore|Mixed Platforms.Deploy.0 = Release|Any CPU
		{89073F44-08CA-41C4-8B85-779E3434820D}.Debug|Any CPU.ActiveCfg = Debug|Any CPU
		{89073F44-08CA-41C4-8B85-779E3434820D}.Debug|Any CPU.Build.0 = Debug|Any CPU
		{89073F44-08CA-41C4-8B85-779E3434820D}.Debug|Any CPU.Deploy.0 = Debug|Any CPU
		{89073F44-08CA-41C4-8B85-779E3434820D}.Debug|iPhone.ActiveCfg = Debug|Any CPU
		{89073F44-08CA-41C4-8B85-779E3434820D}.Debug|iPhoneSimulator.ActiveCfg = Debug|Any CPU
		{89073F44-08CA-41C4-8B85-779E3434820D}.Debug|Mixed Platforms.ActiveCfg = Debug|Any CPU
		{89073F44-08CA-41C4-8B85-779E3434820D}.Debug|Mixed Platforms.Build.0 = Debug|Any CPU
		{89073F44-08CA-41C4-8B85-779E3434820D}.Debug|Mixed Platforms.Deploy.0 = Debug|Any CPU
		{89073F44-08CA-41C4-8B85-779E3434820D}.Release|Any CPU.ActiveCfg = Release|Any CPU
		{89073F44-08CA-41C4-8B85-779E3434820D}.Release|Any CPU.Build.0 = Release|Any CPU
		{89073F44-08CA-41C4-8B85-779E3434820D}.Release|Any CPU.Deploy.0 = Release|Any CPU
		{89073F44-08CA-41C4-8B85-779E3434820D}.Release|iPhone.ActiveCfg = Release|Any CPU
		{89073F44-08CA-41C4-8B85-779E3434820D}.Release|iPhoneSimulator.ActiveCfg = Release|Any CPU
		{89073F44-08CA-41C4-8B85-779E3434820D}.Release|Mixed Platforms.ActiveCfg = Release|Any CPU
		{89073F44-08CA-41C4-8B85-779E3434820D}.Release|Mixed Platforms.Build.0 = Release|Any CPU
		{89073F44-08CA-41C4-8B85-779E3434820D}.Release|Mixed Platforms.Deploy.0 = Release|Any CPU
	EndGlobalSection
	GlobalSection(SolutionProperties) = preSolution
		HideSolutionNode = FALSE
	EndGlobalSection
	GlobalSection(NestedProjects) = preSolution
		{DE3520C9-7226-4FFE-88F1-A72FFE6A88D3} = {DA3B3A42-8F3D-4AC8-B709-FA165215B746}
		{67F9D3A8-F71E-4428-913F-C37AE82CDB24} = {DA3B3A42-8F3D-4AC8-B709-FA165215B746}
		{60CB4BCF-FE17-4C7C-BCFE-996C3EAC1896} = {DA3B3A42-8F3D-4AC8-B709-FA165215B746}
		{44E821C5-E63F-419D-8D22-C57214BEDEE7} = {DA3B3A42-8F3D-4AC8-B709-FA165215B746}
		{F03ADD53-6156-40FC-B7BA-EAD9EE834085} = {76F25CFF-8D34-4EB8-932D-72304F4DEDB4}
		{F2C466DF-6E78-412A-B7E5-EF4DCB46C683} = {433399A5-1379-4CC4-9D5F-1B712901E133}
		{D6A773F0-39BA-4CAA-BE44-ABBECA8A4BA4} = {F2C466DF-6E78-412A-B7E5-EF4DCB46C683}
		{C7A7122B-FE55-49D8-8F79-78518B02FF8F} = {F2C466DF-6E78-412A-B7E5-EF4DCB46C683}
		{F25680D1-22A3-4463-947E-E4D0B10BDF20} = {F2C466DF-6E78-412A-B7E5-EF4DCB46C683}
		{7073F0C8-0A73-4BC6-B04D-049114B8EEFF} = {F2C466DF-6E78-412A-B7E5-EF4DCB46C683}
		{98CBCB65-D1CB-420C-A660-78FED7ECAC30} = {433399A5-1379-4CC4-9D5F-1B712901E133}
		{EC8E1A50-FD04-481F-A646-AA605301F756} = {98CBCB65-D1CB-420C-A660-78FED7ECAC30}
		{60BE5709-2354-47F5-9430-8C0A444F8B5A} = {98CBCB65-D1CB-420C-A660-78FED7ECAC30}
		{862D0445-6858-4197-8709-EFD5956DA29E} = {98CBCB65-D1CB-420C-A660-78FED7ECAC30}
		{19E2050D-E12C-4C21-A20A-F4B7B04451DF} = {98CBCB65-D1CB-420C-A660-78FED7ECAC30}
		{0A94D1F8-F06F-48EF-B425-5B74758FBABA} = {7DEF9E32-4EB8-4C1C-A390-2E82260CB92C}
		{62E281FD-6608-4122-B98C-2682E6F7A0DC} = {7DEF9E32-4EB8-4C1C-A390-2E82260CB92C}
		{95CEF015-97F5-4773-8876-3D35F87DD588} = {7DEF9E32-4EB8-4C1C-A390-2E82260CB92C}
		{ADF93EF7-B56B-4793-9885-8499D2D3CF7A} = {7DEF9E32-4EB8-4C1C-A390-2E82260CB92C}
		{1A464DAA-3768-4FD1-B168-B1B96EFD7EFD} = {7DEF9E32-4EB8-4C1C-A390-2E82260CB92C}
		{89073F44-08CA-41C4-8B85-779E3434820D} = {7DEF9E32-4EB8-4C1C-A390-2E82260CB92C}
	EndGlobalSection
EndGlobal
